
Microsoft Visual Studio Solution File, Format Version 12.00
# Visual Studio Version 16
VisualStudioVersion = 16.0.30907.101
MinimumVisualStudioVersion = 10.0.40219.1
Project("{9A19103F-16F7-4668-BE54-9A1E7A4F7556}") = "HomeTaskLesson5_1", "HomeTaskLesson5_1\HomeTaskLesson5_1.csproj", "{D84B59F7-503B-4125-B09D-BD7B34293340}"
EndProject
Project("{FAE04EC0-301F-11D3-BF4B-00C04F79EFBC}") = "HomeTaskLesson5_2", "HomeTaskLesson5_2\HomeTaskLesson5_2.csproj", "{90E2AAE9-6659-4D62-8CB3-ADED4AFE2512}"
EndProject
Project("{FAE04EC0-301F-11D3-BF4B-00C04F79EFBC}") = "HomeTaskLesson5_3", "HomeTaskLesson5_3\HomeTaskLesson5_3.csproj", "{4DF14F56-69B2-45F5-B026-CBE38935B2CD}"
EndProject
Global
	GlobalSection(SolutionConfigurationPlatforms) = preSolution
		Debug|Any CPU = Debug|Any CPU
		Release|Any CPU = Release|Any CPU
	EndGlobalSection
	GlobalSection(ProjectConfigurationPlatforms) = postSolution
		{D84B59F7-503B-4125-B09D-BD7B34293340}.Debug|Any CPU.ActiveCfg = Debug|Any CPU
		{D84B59F7-503B-4125-B09D-BD7B34293340}.Debug|Any CPU.Build.0 = Debug|Any CPU
		{D84B59F7-503B-4125-B09D-BD7B34293340}.Release|Any CPU.ActiveCfg = Release|Any CPU
		{D84B59F7-503B-4125-B09D-BD7B34293340}.Release|Any CPU.Build.0 = Release|Any CPU
		{90E2AAE9-6659-4D62-8CB3-ADED4AFE2512}.Debug|Any CPU.ActiveCfg = Debug|Any CPU
		{90E2AAE9-6659-4D62-8CB3-ADED4AFE2512}.Debug|Any CPU.Build.0 = Debug|Any CPU
		{90E2AAE9-6659-4D62-8CB3-ADED4AFE2512}.Release|Any CPU.ActiveCfg = Release|Any CPU
		{90E2AAE9-6659-4D62-8CB3-ADED4AFE2512}.Release|Any CPU.Build.0 = Release|Any CPU
		{4DF14F56-69B2-45F5-B026-CBE38935B2CD}.Debug|Any CPU.ActiveCfg = Debug|Any CPU
		{4DF14F56-69B2-45F5-B026-CBE38935B2CD}.Debug|Any CPU.Build.0 = Debug|Any CPU
		{4DF14F56-69B2-45F5-B026-CBE38935B2CD}.Release|Any CPU.ActiveCfg = Release|Any CPU
		{4DF14F56-69B2-45F5-B026-CBE38935B2CD}.Release|Any CPU.Build.0 = Release|Any CPU
	EndGlobalSection
	GlobalSection(SolutionProperties) = preSolution
		HideSolutionNode = FALSE
	EndGlobalSection
	GlobalSection(ExtensibilityGlobals) = postSolution
		SolutionGuid = {A9368858-42D5-45BE-A6D8-E5A7ABEC3C64}
	EndGlobalSection
EndGlobal
